hash: 656223b61548c50021f4a398d86a111c936a19c012c693a04263901e6132efa3
updated: 2016-10-23T22:55:47.363671198+11:00
imports:
- name: github.com/apex/log
  version: 4ea85e918cc8389903d5f12d7ccac5c23ab7d89b
  subpackages:
  - handlers/memory
- name: github.com/gofury/fastjsonapi
  version: 172b716010d89a07c36cd741c60fab871edf7bce
- name: github.com/kelseyhightower/envconfig
  version: 9aca109c9aec4633fced9717c4a09ecab3d33111
- name: github.com/klauspost/compress
  version: d0763f13d86e630f5d3ea9fa848a6ecc68255297
  subpackages:
  - flate
  - gzip
  - zlib
- name: github.com/klauspost/cpuid
  version: 09cded8978dc9e80714c4d85b0322337b0a1e5e0
- name: github.com/klauspost/crc32
  version: 19b0b332c9e4516a6370a0456e6182c3b5036720
- name: github.com/mailru/easyjson
  version: a5759050626e5d52afe79bbb6d77a59e98df5d2d
  subpackages:
  - buffer
  - jlexer
  - jwriter
- name: github.com/rcrowley/go-metrics
  version: ab2277b1c5d15c3cba104e9cbddbdfc622df5ad8
- name: github.com/satori/go.uuid
  version: 879c5887cd475cd7864858769793b2ceb0d44feb
- name: github.com/valyala/bytebufferpool
  version: e746df99fe4a3986f4d4f79e13c1e0117ce9c2f7
- name: github.com/valyala/fasthttp
  version: 07f692d02d618489bb3e3d7984caaa82af91b133
  subpackages:
  - fasthttputil
testImports:
- name: github.com/davecgh/go-spew
  version: 6d212800a42e8ab5c146b8ace3490ee17e5225f9
  subpackages:
  - spew
- name: github.com/pmezard/go-difflib
  version: d8ed2627bdf02c080bf22230dbb337003b7aba2d
  subpackages:
  - difflib
- name: github.com/stretchr/testify
  version: 69483b4bd14f5845b5a1e55bca19e954e827f1d0
  subpackages:
  - assert
