hash: f0d3dc94530466a44f75ccbf32daa8a30981c0718ba6789eb43aa50b6b45e59f
updated: 2016-09-25T16:52:20.958799189+10:00
imports:
- name: github.com/apex/log
  version: 4ea85e918cc8389903d5f12d7ccac5c23ab7d89b
  subpackages:
  - handlers/memory
- name: github.com/gofury/fastjsonapi
  version: 6c3ef0a51a75bf36085351e1566c6f7b2163c8b1
- name: github.com/kelseyhightower/envconfig
  version: 13674b2d056fb658a00ba3f36e78043ced07c924
- name: github.com/klauspost/compress
  version: d0763f13d86e630f5d3ea9fa848a6ecc68255297
  subpackages:
  - flate
  - gziphightow
  - zlib
- name: github.com/klauspost/cpuid
  version: 09cded8978dc9e80714c4d85b0322337b0a1e5e0
- name: github.com/klauspost/crc32
  version: 19b0b332c9e4516a6370a0456e6182c3b5036720
- name: github.com/mailru/easyjson
  version: a5759050626e5d52afe79bbb6d77a59e98df5d2d
  subpackages:
  - buffer
  - jlexer
  - jwriter
- name: github.com/satori/go.uuid
  version: 879c5887cd475cd7864858769793b2ceb0d44feb
- name: github.com/valyala/bytebufferpool
  version: e746df99fe4a3986f4d4f79e13c1e0117ce9c2f7
- name: github.com/valyala/fasthttp
  version: d03a22720925ae6fd6f81db717d9288fc2771d79
  subpackages:
  - fasthttputil
testImports:
- name: github.com/davecgh/go-spew
  version: 6d212800a42e8ab5c146b8ace3490ee17e5225f9
  subpackages:
  - spew
- name: github.com/pmezard/go-difflib
  version: 792786c7400a136282c1664665ae0a8db921c6c2
  subpackages:
  - difflib
- name: github.com/stretchr/testify
  version: 69483b4bd14f5845b5a1e55bca19e954e827f1d0
  subpackages:
  - assert
